
Microsoft Visual Studio Solution File, Format Version 12.00
# Visual Studio Version 17
VisualStudioVersion = 17.14.36221.1 d17.14
MinimumVisualStudioVersion = 10.0.40219.1
Project("{FAE04EC0-301F-11D3-BF4B-00C04F79EFBC}") = "Translation", "Translation.csproj", "{0AF5464B-CEAD-7788-5306-7676156644B7}"
EndProject
Global
	GlobalSection(SolutionConfigurationPlatforms) = preSolution
		Debug|Any CPU = Debug|Any CPU
		Release|Any CPU = Release|Any CPU
	EndGlobalSection
	GlobalSection(ProjectConfigurationPlatforms) = postSolution
		{0AF5464B-CEAD-7788-5306-7676156644B7}.Debug|Any CPU.ActiveCfg = Debug|Any CPU
		{0AF5464B-CEAD-7788-5306-7676156644B7}.Debug|Any CPU.Build.0 = Debug|Any CPU
		{0AF5464B-CEAD-7788-5306-7676156644B7}.Debug|Any CPU.Deploy.0 = Debug|Any CPU
		{0AF5464B-CEAD-7788-5306-7676156644B7}.Release|Any CPU.ActiveCfg = Release|Any CPU
		{0AF5464B-CEAD-7788-5306-7676156644B7}.Release|Any CPU.Build.0 = Release|Any CPU
	EndGlobalSection
	GlobalSection(SolutionProperties) = preSolution
		HideSolutionNode = FALSE
	EndGlobalSection
	GlobalSection(ExtensibilityGlobals) = postSolution
		SolutionGuid = {81669D84-578B-4F8C-B757-198B5250A473}
	EndGlobalSection
EndGlobal
