
Microsoft Visual Studio Solution File, Format Version 12.00
# Visual Studio Version 16
VisualStudioVersion = 25.0.1706.11
MinimumVisualStudioVersion = 10.0.40219.1
Project("{FAE04EC0-301F-11D3-BF4B-00C04F79EFBC}") = "FontImageSourceCrash", "FontImageSourceCrash\FontImageSourceCrash.csproj", "{744E80E5-7541-4F66-8C71-1FE9FF47C735}"
EndProject
Global
	GlobalSection(SolutionConfigurationPlatforms) = preSolution
		Debug|Any CPU = Debug|Any CPU
		Release|Any CPU = Release|Any CPU
	EndGlobalSection
	GlobalSection(ProjectConfigurationPlatforms) = postSolution
		{744E80E5-7541-4F66-8C71-1FE9FF47C735}.Debug|Any CPU.ActiveCfg = Debug|Any CPU
		{744E80E5-7541-4F66-8C71-1FE9FF47C735}.Debug|Any CPU.Build.0 = Debug|Any CPU
		{744E80E5-7541-4F66-8C71-1FE9FF47C735}.Release|Any CPU.ActiveCfg = Release|Any CPU
		{744E80E5-7541-4F66-8C71-1FE9FF47C735}.Release|Any CPU.Build.0 = Release|Any CPU
	EndGlobalSection
	GlobalSection(SolutionProperties) = preSolution
		HideSolutionNode = FALSE
	EndGlobalSection
	GlobalSection(ExtensibilityGlobals) = postSolution
		SolutionGuid = {8DD30CD3-CF3A-47DF-889D-755EE159F07E}
	EndGlobalSection
EndGlobal
